# This file is automatically @generated by Cargo.
# It is not intended for manual editing.
version = 4

[[package]]
name = "lexer-rs"
version = "0.0.4"
source = "registry+https://github.com/rust-lang/crates.io-index"
checksum = "4a305a82f5bb6636593f0de2251801f10d5477cde0b24395ed2d780e7abf48b3"
dependencies = [
 "paste",
]

[[package]]
name = "paste"
version = "1.0.15"
source = "registry+https://github.com/rust-lang/crates.io-index"
checksum = "57c0d7b74b563b49d38dae00a0c37d4d6de9b432382b2892f0574ddcae73fd0a"

[[package]]
name = "sprako"
version = "0.1.0"
dependencies = [
 "lexer-rs",
]
